
Microsoft Visual Studio Solution File, Format Version 12.00
# Visual Studio Version 16
VisualStudioVersion = 16.0.29509.3
MinimumVisualStudioVersion = 10.0.40219.1
Project("{FAE04EC0-301F-11D3-BF4B-00C04F79EFBC}") = "Asp.netCoreMVCCRUD", "Asp.netCoreMVCCRUD\Asp.netCoreMVCCRUD.csproj", "{CFAC70AE-05A7-4593-A8FF-BEEFD16EDEAC}"
EndProject
Global
	GlobalSection(SolutionConfigurationPlatforms) = preSolution
		Debug|Any CPU = Debug|Any CPU
		Release|Any CPU = Release|Any CPU
	EndGlobalSection
	GlobalSection(ProjectConfigurationPlatforms) = postSolution
		{CFAC70AE-05A7-4593-A8FF-BEEFD16EDEAC}.Debug|Any CPU.ActiveCfg = Debug|Any CPU
		{CFAC70AE-05A7-4593-A8FF-BEEFD16EDEAC}.Debug|Any CPU.Build.0 = Debug|Any CPU
		{CFAC70AE-05A7-4593-A8FF-BEEFD16EDEAC}.Release|Any CPU.ActiveCfg = Release|Any CPU
		{CFAC70AE-05A7-4593-A8FF-BEEFD16EDEAC}.Release|Any CPU.Build.0 = Release|Any CPU
	EndGlobalSection
	GlobalSection(SolutionProperties) = preSolution
		HideSolutionNode = FALSE
	EndGlobalSection
	GlobalSection(ExtensibilityGlobals) = postSolution
		SolutionGuid = {8AFD33A2-D07B-437A-8A50-197EA98E9A07}
	EndGlobalSection
EndGlobal
